
Microsoft Visual Studio Solution File, Format Version 11.00
# Visual Studio 2010
Project("{FAE04EC0-301F-11D3-BF4B-00C04F79EFBC}") = "UnityEngine.UI", "UnityEngine.UI.csproj", "{45c06171-492a-4b47-e4a2-0d8152009532}"
EndProject
Project("{FAE04EC0-301F-11D3-BF4B-00C04F79EFBC}") = "Assembly-CSharp", "Assembly-CSharp.csproj", "{743bdea9-7c8e-65a4-19d4-c979f303d20d}"
EndProject
Project("{FAE04EC0-301F-11D3-BF4B-00C04F79EFBC}") = "UnityEditor.UI", "UnityEditor.UI.csproj", "{86986cf8-0133-f241-ab13-a29f968f992f}"
EndProject
Project("{FAE04EC0-301F-11D3-BF4B-00C04F79EFBC}") = "Unity.2D.Sprite.Editor", "Unity.2D.Sprite.Editor.csproj", "{89a405da-fde7-aea1-eb74-e4f3543236de}"
EndProject
Project("{FAE04EC0-301F-11D3-BF4B-00C04F79EFBC}") = "Unity.2D.Tilemap.Editor", "Unity.2D.Tilemap.Editor.csproj", "{bab170d7-87a7-9f06-3bc3-0eb2ed564014}"
EndProject
Global
	GlobalSection(SolutionConfigurationPlatforms) = preSolution
		Debug|Any CPU = Debug|Any CPU
	EndGlobalSection
	GlobalSection(ProjectConfigurationPlatforms) = postSolution
		{45c06171-492a-4b47-e4a2-0d8152009532}.Debug|Any CPU.ActiveCfg = Debug|Any CPU
		{45c06171-492a-4b47-e4a2-0d8152009532}.Debug|Any CPU.Build.0 = Debug|Any CPU
		{743bdea9-7c8e-65a4-19d4-c979f303d20d}.Debug|Any CPU.ActiveCfg = Debug|Any CPU
		{743bdea9-7c8e-65a4-19d4-c979f303d20d}.Debug|Any CPU.Build.0 = Debug|Any CPU
		{86986cf8-0133-f241-ab13-a29f968f992f}.Debug|Any CPU.ActiveCfg = Debug|Any CPU
		{86986cf8-0133-f241-ab13-a29f968f992f}.Debug|Any CPU.Build.0 = Debug|Any CPU
		{89a405da-fde7-aea1-eb74-e4f3543236de}.Debug|Any CPU.ActiveCfg = Debug|Any CPU
		{89a405da-fde7-aea1-eb74-e4f3543236de}.Debug|Any CPU.Build.0 = Debug|Any CPU
		{bab170d7-87a7-9f06-3bc3-0eb2ed564014}.Debug|Any CPU.ActiveCfg = Debug|Any CPU
		{bab170d7-87a7-9f06-3bc3-0eb2ed564014}.Debug|Any CPU.Build.0 = Debug|Any CPU
	EndGlobalSection
	GlobalSection(SolutionProperties) = preSolution
		HideSolutionNode = FALSE
	EndGlobalSection
EndGlobal
